
Microsoft Visual Studio Solution File, Format Version 12.00
# Visual Studio Version 17
VisualStudioVersion = 17.8.34525.116
MinimumVisualStudioVersion = 10.0.40219.1
Project("{FAE04EC0-301F-11D3-BF4B-00C04F79EFBC}") = "DotNetTrainingBatch3.ConsoleApp", "DotNetTrainingBatch3.ConsoleApp\DotNetTrainingBatch3.ConsoleApp.csproj", "{A6B15A15-810B-415A-82C5-2E1BD2D1CB8C}"
EndProject
Global
	GlobalSection(SolutionConfigurationPlatforms) = preSolution
		Debug|Any CPU = Debug|Any CPU
		Release|Any CPU = Release|Any CPU
	EndGlobalSection
	GlobalSection(ProjectConfigurationPlatforms) = postSolution
		{A6B15A15-810B-415A-82C5-2E1BD2D1CB8C}.Debug|Any CPU.ActiveCfg = Debug|Any CPU
		{A6B15A15-810B-415A-82C5-2E1BD2D1CB8C}.Debug|Any CPU.Build.0 = Debug|Any CPU
		{A6B15A15-810B-415A-82C5-2E1BD2D1CB8C}.Release|Any CPU.ActiveCfg = Release|Any CPU
		{A6B15A15-810B-415A-82C5-2E1BD2D1CB8C}.Release|Any CPU.Build.0 = Release|Any CPU
	EndGlobalSection
	GlobalSection(SolutionProperties) = preSolution
		HideSolutionNode = FALSE
	EndGlobalSection
	GlobalSection(ExtensibilityGlobals) = postSolution
		SolutionGuid = {97DA7D55-8187-4F7D-B3A9-69C5E2DF737C}
	EndGlobalSection
EndGlobal
